PODS:
  - AFNetworking (4.0.1):
    - AFNetworking/NSURLSession (= 4.0.1)
    - AFNetworking/Reachability (= 4.0.1)
    - AFNetworking/Security (= 4.0.1)
    - AFNetworking/Serialization (= 4.0.1)
    - AFNetworking/UIKit (= 4.0.1)
  - AFNetworking/NSURLSession (4.0.1):
    - AFNetworking/Reachability
    - AFNetworking/Security
    - AFNetworking/Serialization
  - AFNetworking/Reachability (4.0.1)
  - AFNetworking/Security (4.0.1)
  - AFNetworking/Serialization (4.0.1)
  - AFNetworking/UIKit (4.0.1):
    - AFNetworking/NSURLSession
  - CTMediator (46)
  - FMDB (2.7.5):
    - FMDB/standard (= 2.7.5)
  - FMDB/standard (2.7.5)
  - GCDWebServer/Core (3.5.4)
  - GCDWebServer/WebUploader (3.5.4):
    - GCDWebServer/Core
  - LYSegmentBar (0.1.1)
  - Masonry (1.1.0)
  - SDWebImage (4.2.0):
    - SDWebImage/Core (= 4.2.0)
  - SDWebImage/Core (4.2.0)
  - YYModel (1.0.4)
  - YYText (1.0.7)

DEPENDENCIES:
  - AFNetworking
  - CTMediator
  - FMDB
  - GCDWebServer/WebUploader (~> 3.0)
  - LYSegmentBar
  - Masonry (~> 1.1.0)
  - SDWebImage (= 4.2.0)
  - YYModel (~> 1.0.4)
  - YYText (~> 1.0.7)

SPEC REPOS:
  trunk:
    - AFNetworking
    - CTMediator
    - FMDB
    - GCDWebServer
    - LYSegmentBar
    - Masonry
    - SDWebImage
    - YYModel
    - YYText

SPEC CHECKSUMS:
  AFNetworking: 7864c38297c79aaca1500c33288e429c3451fdce
  CTMediator: f1cf58d509fb3192086c367711f039efd769b907
  FMDB: 2ce00b547f966261cd18927a3ddb07cb6f3db82a
  GCDWebServer: 2c156a56c8226e2d5c0c3f208a3621ccffbe3ce4
  LYSegmentBar: 54906d7b82f3a2b41058b6f98e7ba6aafdc9c64d
  Masonry: 678fab65091a9290e40e2832a55e7ab731aad201
  SDWebImage: b1189fd85365c18434270a11a5cad13a1e848d53
  YYModel: 2a7fdd96aaa4b86a824e26d0c517de8928c04b30
  YYText: 5c461d709e24d55a182d1441c41dc639a18a4849

PODFILE CHECKSUM: e4ab3b3885f904f23c56f6b88acb86860787d89c

COCOAPODS: 1.11.3
